{
    "hash": "1482574cb326cb0b3402858e5b561308",
    "packages": [
        {
            "package": "Aurielle/phpquery",
            "version": "dev-master",
            "source-reference": "f50ac59959b146c8eea55c7ba39b859af5478aa8"
        },
        {
            "package": "kdyby/curl-extension",
            "version": "dev-master",
            "source-reference": "0de5b906e3821d326ef80a3be86e3f57edc45ad2"
        },
        {
            "package": "nette/nette",
            "version": "v2.0.3"
        },
        {
            "package": "symfony/console",
            "version": "2.0.x-dev",
            "source-reference": "v2.0.14"
        }
    ],
    "packages-dev": null,
    "aliases": [

    ],
    "minimum-stability": "dev",
    "stability-flags": {
        "kdyby/curl-extension": 20,
        "aurielle/phpquery": 20
    }
}
