{
    "hash": "0b810e37fe77a30fc04ecb0aaf8eee88",
    "packages": [
        {
            "package": "Aurielle/phpquery",
            "version": "dev-master",
            "source-reference": "f50ac59959b146c8eea55c7ba39b859af5478aa8"
        },
        {
            "package": "kdyby/curl-extension",
            "version": "dev-master",
            "source-reference": "db88cb4542f0e87fb7cb81ae0ce548d3d76ed5ac"
        },
        {
            "package": "nette/nette",
            "version": "v2.0.3"
        },
        {
            "package": "symfony/console",
            "version": "2.0.x-dev",
            "source-reference": "v2.0.14"
        }
    ],
    "packages-dev": null,
    "aliases": [

    ],
    "minimum-stability": "dev",
    "stability-flags": {
        "kdyby/curl-extension": 20,
        "aurielle/phpquery": 20
    }
}
